{
  "name": "project-_flashcards-_qualified-mariah_casciola-solution",
  "version": "1.0.0",
  "lockfileVersion": 2,
  "requires": true,
  "packages": {
    "": {
      "name": "project-_flashcards-_qualified-mariah_casciola-solution",
      "version": "1.0.0",
      "hasInstallScript": true,
      "license": "ISC"
    }
  }
}
